
Microsoft Visual Studio Solution File, Format Version 12.00
# Visual Studio Version 16
VisualStudioVersion = 16.0.31129.286
MinimumVisualStudioVersion = 10.0.40219.1
Project("{FAE04EC0-301F-11D3-BF4B-00C04F79EFBC}") = "NumberGuesser", "NumberGuesser.csproj", "{F11766F7-C48A-48EE-A4D3-3E4E68424D06}"
EndProject
Global
	GlobalSection(SolutionConfigurationPlatforms) = preSolution
		Debug|Any CPU = Debug|Any CPU
		Release|Any CPU = Release|Any CPU
	EndGlobalSection
	GlobalSection(ProjectConfigurationPlatforms) = postSolution
		{F11766F7-C48A-48EE-A4D3-3E4E68424D06}.Debug|Any CPU.ActiveCfg = Debug|Any CPU
		{F11766F7-C48A-48EE-A4D3-3E4E68424D06}.Debug|Any CPU.Build.0 = Debug|Any CPU
		{F11766F7-C48A-48EE-A4D3-3E4E68424D06}.Release|Any CPU.ActiveCfg = Release|Any CPU
		{F11766F7-C48A-48EE-A4D3-3E4E68424D06}.Release|Any CPU.Build.0 = Release|Any CPU
	EndGlobalSection
	GlobalSection(SolutionProperties) = preSolution
		HideSolutionNode = FALSE
	EndGlobalSection
	GlobalSection(ExtensibilityGlobals) = postSolution
		SolutionGuid = {C86BF1EA-CA3A-4DDF-A83D-954B9BDF1643}
	EndGlobalSection
EndGlobal
